GEM
  remote: https://rubygems.org/
  specs:
    bigdecimal (4.1.2)
    concurrent-ruby (1.3.8)
    couchbase (3.8.1)
      concurrent-ruby (~> 1.3)
      grpc (~> 1.59)
    couchbase (3.8.1-aarch64-linux)
      concurrent-ruby (~> 1.3)
      grpc (~> 1.59)
    couchbase (3.8.1-arm64-darwin)
      concurrent-ruby (~> 1.3)
      grpc (~> 1.59)
    couchbase (3.8.1-x86_64-darwin)
      concurrent-ruby (~> 1.3)
      grpc (~> 1.59)
    couchbase (3.8.1-x86_64-linux)
      concurrent-ruby (~> 1.3)
      grpc (~> 1.59)
    couchbase (3.8.1-x86_64-linux-musl)
      concurrent-ruby (~> 1.3)
      grpc (~> 1.59)
    dotenv (3.2.0)
    google-protobuf (4.36.0)
      bigdecimal
      rake (~> 13.3)
    google-protobuf (4.36.0-aarch64-linux-gnu)
      bigdecimal
      rake (~> 13.3)
    google-protobuf (4.36.0-aarch64-linux-musl)
      bigdecimal
      rake (~> 13.3)
    google-protobuf (4.36.0-arm64-darwin)
      bigdecimal
      rake (~> 13.3)
    google-protobuf (4.36.0-x86-linux-gnu)
      bigdecimal
      rake (~> 13.3)
    google-protobuf (4.36.0-x86-linux-musl)
      bigdecimal
      rake (~> 13.3)
    google-protobuf (4.36.0-x86_64-darwin)
      bigdecimal
      rake (~> 13.3)
    google-protobuf (4.36.0-x86_64-linux-gnu)
      bigdecimal
      rake (~> 13.3)
    google-protobuf (4.36.0-x86_64-linux-musl)
      bigdecimal
      rake (~> 13.3)
    googleapis-common-protos-types (1.23.0)
      google-protobuf (~> 4.26)
    grpc (1.83.0)
      google-protobuf (>= 3.25, < 5.0)
      googleapis-common-protos-types (~> 1.0)
    grpc (1.83.0-aarch64-linux-gnu)
      google-protobuf (>= 3.25, < 5.0)
      googleapis-common-protos-types (~> 1.0)
    grpc (1.83.0-aarch64-linux-musl)
      google-protobuf (>= 3.25, < 5.0)
      googleapis-common-protos-types (~> 1.0)
    grpc (1.83.0-arm64-darwin)
      google-protobuf (>= 3.25, < 5.0)
      googleapis-common-protos-types (~> 1.0)
    grpc (1.83.0-x86-linux-gnu)
      google-protobuf (>= 3.25, < 5.0)
      googleapis-common-protos-types (~> 1.0)
    grpc (1.83.0-x86-linux-musl)
      google-protobuf (>= 3.25, < 5.0)
      googleapis-common-protos-types (~> 1.0)
    grpc (1.83.0-x86_64-darwin)
      google-protobuf (>= 3.25, < 5.0)
      googleapis-common-protos-types (~> 1.0)
    grpc (1.83.0-x86_64-linux-gnu)
      google-protobuf (>= 3.25, < 5.0)
      googleapis-common-protos-types (~> 1.0)
    grpc (1.83.0-x86_64-linux-musl)
      google-protobuf (>= 3.25, < 5.0)
      googleapis-common-protos-types (~> 1.0)
    logger (1.7.0)
    rake (13.4.2)

PLATFORMS
  aarch64-linux
  aarch64-linux-gnu
  aarch64-linux-musl
  arm64-darwin
  ruby
  x86-linux-gnu
  x86-linux-musl
  x86_64-darwin
  x86_64-linux
  x86_64-linux-gnu
  x86_64-linux-musl

DEPENDENCIES
  couchbase (~> 3.8)
  dotenv (~> 3.2)
  logger

CHECKSUMS
  bigdecimal (4.1.2) sha256=53d217666027eab4280346fba98e7d5b66baaae1b9c3c1c0ffe89d48188a3fbd
  concurrent-ruby (1.3.8) sha256=b2f1be836e968ccc78ccfce277ea79c72a88633f22306782c16ff23fb415d1e1
  couchbase (3.8.1) sha256=fb4fd2beeefe29b91507362d5510b564c2f342af7856da0140523a647c6b8aea
  couchbase (3.8.1-aarch64-linux) sha256=6d9eb941506994647d82e90deb73e03b2b497546cffa37936d818397b4d3a410
  couchbase (3.8.1-arm64-darwin) sha256=3cc9a615cd8dd420a590d2d8c9a50f283ec9f5f0710965c5e2d68911c006539e
  couchbase (3.8.1-x86_64-darwin) sha256=325229903606018318967880d4dad8d138e9124ac4f19e2af2a39619ef24a5c2
  couchbase (3.8.1-x86_64-linux) sha256=9bc18eef8db1eed54a3fedc0c05de0f6e9ee6ea4f41ba72f068dc9363829e6c8
  couchbase (3.8.1-x86_64-linux-musl) sha256=f57f940d25afc64420e76602445a8ee5959e79b322c9579d57ef211d6d084f0e
  dotenv (3.2.0) sha256=e375b83121ea7ca4ce20f214740076129ab8514cd81378161f11c03853fe619d
  google-protobuf (4.36.0) sha256=2132fb002366b85a57fbb796333e2cb1f969126e05f9af32149709ba3fd397b5
  google-protobuf (4.36.0-aarch64-linux-gnu) sha256=3fa22004853b83297d8ad4ca5c9adc8aea5e6da7b4caadf5577cb9da3eefe63f
  google-protobuf (4.36.0-aarch64-linux-musl) sha256=6392f5e7cc5366203349f268c98e39f29c2ef9766ebbdb434819d7edb085a12c
  google-protobuf (4.36.0-arm64-darwin) sha256=be182aac1cf55ccbbd27ec5a94d5b012069075f5c879d65423d33e6b2dec86f5
  google-protobuf (4.36.0-x86-linux-gnu) sha256=34c327aaf29e51db012e537cce9d2e38359d9ec96cb4a699eaf47231db6020ab
  google-protobuf (4.36.0-x86-linux-musl) sha256=621b53fd93f88cb68d3b3d25e5ecda8f9ea2977f86759c1badb701de5ae371d6
  google-protobuf (4.36.0-x86_64-darwin) sha256=6cb938760546ee5ce57d04ed358ea10d0278b6f1ddea35e100c278f429afc25b
  google-protobuf (4.36.0-x86_64-linux-gnu) sha256=8c253f7cb7647cdf1f54fc3f215e151206b5159e03d74fe29b8599264903de2b
  google-protobuf (4.36.0-x86_64-linux-musl) sha256=d6c510ff9743b3dcde6acdea06512e4e4ecf53246e5c5b689879861e05d4738a
  googleapis-common-protos-types (1.23.0) sha256=992e740a523794d9fc5f29a504465d8fc737aaa16c930fe7228e3346860faf0a
  grpc (1.83.0) sha256=38119e7f9f7cbc98e79145201da4be470a7542b0befad454651d35015ea55c59
  grpc (1.83.0-aarch64-linux-gnu) sha256=11562efdded494b2277fd9c3c530dfdf90177faa111526ae9e748d0be29f1a9d
  grpc (1.83.0-aarch64-linux-musl) sha256=ee745eab4f3922ed27d379cbc4bc0a99e58db367fa96312e9fe258aafd3afeb2
  grpc (1.83.0-arm64-darwin) sha256=25dd772aa80529f014d70da069787cd39b469c9edacbe493da4ff19952a147e2
  grpc (1.83.0-x86-linux-gnu) sha256=e9b20f54b8e8915f3921f12b266742e79da2c31d60e88295e15d0d16ea3cfd55
  grpc (1.83.0-x86-linux-musl) sha256=868e66d9c2a77eca1a93292fd879565219821fb5888673aedd08154303c9520c
  grpc (1.83.0-x86_64-darwin) sha256=cfad91d559d1907159a5247fb12dc112a8ea0ebe2027ca7f5ab648d01a645716
  grpc (1.83.0-x86_64-linux-gnu) sha256=25d66bfa3cb1b05258b3f9632478c7e7ceb52cb16ccc0b4b26d7df36be7158b1
  grpc (1.83.0-x86_64-linux-musl) sha256=a5023264dbb8038c23b147bbf80adb06932ef11b5ab493412e9e37a43114fa8c
  logger (1.7.0) sha256=196edec7cc44b66cfb40f9755ce11b392f21f7967696af15d274dde7edff0203
  rake (13.4.2) sha256=cb825b2bd5f1f8e91ca37bddb4b9aaf345551b4731da62949be002fa89283701

BUNDLED WITH
  4.0.19
